
Microsoft Visual Studio Solution File, Format Version 12.00
# Visual Studio 14
VisualStudioVersion = 14.0.25420.1
MinimumVisualStudioVersion = 10.0.40219.1
Project("{FAE04EC0-301F-11D3-BF4B-00C04F79EFBC}") = "UsersAdmin", "UsersRoles\UsersAdmin.csproj", "{C065C5E9-6229-41FB-A861-F699FF4D5517}"
EndProject
Project("{FAE04EC0-301F-11D3-BF4B-00C04F79EFBC}") = "UsersAdmin.Tests", "UsersRoles.Tests\UsersAdmin.Tests.csproj", "{41C0A963-519E-411A-8E9A-789A73289FF9}"
EndProject
Project("{FAE04EC0-301F-11D3-BF4B-00C04F79EFBC}") = "DAL", "DAL\DAL.csproj", "{A82827A1-2B80-425A-B407-3DD2BCC3C238}"
EndProject
Project("{FAE04EC0-301F-11D3-BF4B-00C04F79EFBC}") = "Domain", "Domain\Domain.csproj", "{EF2637A3-B37D-4BA0-B04C-5B5A004CFE5E}"
EndProject
Global
	GlobalSection(SolutionConfigurationPlatforms) = preSolution
		Debug|Any CPU = Debug|Any CPU
		MockData|Any CPU = MockData|Any CPU
		NHibernate|Any CPU = NHibernate|Any CPU
		Release|Any CPU = Release|Any CPU
	EndGlobalSection
	GlobalSection(ProjectConfigurationPlatforms) = postSolution
		{C065C5E9-6229-41FB-A861-F699FF4D5517}.Debug|Any CPU.ActiveCfg = Debug|Any CPU
		{C065C5E9-6229-41FB-A861-F699FF4D5517}.Debug|Any CPU.Build.0 = Debug|Any CPU
		{C065C5E9-6229-41FB-A861-F699FF4D5517}.MockData|Any CPU.ActiveCfg = MockData|Any CPU
		{C065C5E9-6229-41FB-A861-F699FF4D5517}.MockData|Any CPU.Build.0 = MockData|Any CPU
		{C065C5E9-6229-41FB-A861-F699FF4D5517}.NHibernate|Any CPU.ActiveCfg = NHibernate|Any CPU
		{C065C5E9-6229-41FB-A861-F699FF4D5517}.NHibernate|Any CPU.Build.0 = NHibernate|Any CPU
		{C065C5E9-6229-41FB-A861-F699FF4D5517}.Release|Any CPU.ActiveCfg = Release|Any CPU
		{C065C5E9-6229-41FB-A861-F699FF4D5517}.Release|Any CPU.Build.0 = Release|Any CPU
		{41C0A963-519E-411A-8E9A-789A73289FF9}.Debug|Any CPU.ActiveCfg = Debug|Any CPU
		{41C0A963-519E-411A-8E9A-789A73289FF9}.Debug|Any CPU.Build.0 = Debug|Any CPU
		{41C0A963-519E-411A-8E9A-789A73289FF9}.MockData|Any CPU.ActiveCfg = MockData|Any CPU
		{41C0A963-519E-411A-8E9A-789A73289FF9}.MockData|Any CPU.Build.0 = MockData|Any CPU
		{41C0A963-519E-411A-8E9A-789A73289FF9}.NHibernate|Any CPU.ActiveCfg = NHibernate|Any CPU
		{41C0A963-519E-411A-8E9A-789A73289FF9}.NHibernate|Any CPU.Build.0 = NHibernate|Any CPU
		{41C0A963-519E-411A-8E9A-789A73289FF9}.Release|Any CPU.ActiveCfg = Release|Any CPU
		{41C0A963-519E-411A-8E9A-789A73289FF9}.Release|Any CPU.Build.0 = Release|Any CPU
		{A82827A1-2B80-425A-B407-3DD2BCC3C238}.Debug|Any CPU.ActiveCfg = Debug|Any CPU
		{A82827A1-2B80-425A-B407-3DD2BCC3C238}.Debug|Any CPU.Build.0 = Debug|Any CPU
		{A82827A1-2B80-425A-B407-3DD2BCC3C238}.MockData|Any CPU.ActiveCfg = MockData|Any CPU
		{A82827A1-2B80-425A-B407-3DD2BCC3C238}.MockData|Any CPU.Build.0 = MockData|Any CPU
		{A82827A1-2B80-425A-B407-3DD2BCC3C238}.NHibernate|Any CPU.ActiveCfg = NHibernate|Any CPU
		{A82827A1-2B80-425A-B407-3DD2BCC3C238}.NHibernate|Any CPU.Build.0 = NHibernate|Any CPU
		{A82827A1-2B80-425A-B407-3DD2BCC3C238}.Release|Any CPU.ActiveCfg = Release|Any CPU
		{A82827A1-2B80-425A-B407-3DD2BCC3C238}.Release|Any CPU.Build.0 = Release|Any CPU
		{EF2637A3-B37D-4BA0-B04C-5B5A004CFE5E}.Debug|Any CPU.ActiveCfg = Debug|Any CPU
		{EF2637A3-B37D-4BA0-B04C-5B5A004CFE5E}.Debug|Any CPU.Build.0 = Debug|Any CPU
		{EF2637A3-B37D-4BA0-B04C-5B5A004CFE5E}.MockData|Any CPU.ActiveCfg = MockData|Any CPU
		{EF2637A3-B37D-4BA0-B04C-5B5A004CFE5E}.MockData|Any CPU.Build.0 = MockData|Any CPU
		{EF2637A3-B37D-4BA0-B04C-5B5A004CFE5E}.NHibernate|Any CPU.ActiveCfg = NHibernate|Any CPU
		{EF2637A3-B37D-4BA0-B04C-5B5A004CFE5E}.NHibernate|Any CPU.Build.0 = NHibernate|Any CPU
		{EF2637A3-B37D-4BA0-B04C-5B5A004CFE5E}.Release|Any CPU.ActiveCfg = Release|Any CPU
		{EF2637A3-B37D-4BA0-B04C-5B5A004CFE5E}.Release|Any CPU.Build.0 = Release|Any CPU
	EndGlobalSection
	GlobalSection(SolutionProperties) = preSolution
		HideSolutionNode = FALSE
	EndGlobalSection
EndGlobal
